
Microsoft Visual Studio Solution File, Format Version 11.00
# Visual Studio 2010
Project("{FAE04EC0-301F-11D3-BF4B-00C04F79EFBC}") = "ThirdPersonCharacterController", "Assembly-CSharp.csproj", "{36501287-00DF-9F55-E153-A0FEBCE81D20}"
EndProject
Project("{FAE04EC0-301F-11D3-BF4B-00C04F79EFBC}") = "ThirdPersonCharacterController", "Assembly-CSharp-Editor.csproj", "{AEA16789-187F-8DDD-A0D6-2CC0CA013527}"
EndProject
Global
	GlobalSection(SolutionConfigurationPlatforms) = preSolution
		Debug|Any CPU = Debug|Any CPU
		Release|Any CPU = Release|Any CPU
	EndGlobalSection
	GlobalSection(ProjectConfigurationPlatforms) = postSolution
		{36501287-00DF-9F55-E153-A0FEBCE81D20}.Debug|Any CPU.ActiveCfg = Debug|Any CPU
		{36501287-00DF-9F55-E153-A0FEBCE81D20}.Debug|Any CPU.Build.0 = Debug|Any CPU
		{36501287-00DF-9F55-E153-A0FEBCE81D20}.Release|Any CPU.ActiveCfg = Release|Any CPU
		{36501287-00DF-9F55-E153-A0FEBCE81D20}.Release|Any CPU.Build.0 = Release|Any CPU
		{AEA16789-187F-8DDD-A0D6-2CC0CA013527}.Debug|Any CPU.ActiveCfg = Debug|Any CPU
		{AEA16789-187F-8DDD-A0D6-2CC0CA013527}.Debug|Any CPU.Build.0 = Debug|Any CPU
		{AEA16789-187F-8DDD-A0D6-2CC0CA013527}.Release|Any CPU.ActiveCfg = Release|Any CPU
		{AEA16789-187F-8DDD-A0D6-2CC0CA013527}.Release|Any CPU.Build.0 = Release|Any CPU
	EndGlobalSection
	GlobalSection(SolutionProperties) = preSolution
		HideSolutionNode = FALSE
	EndGlobalSection
	GlobalSection(MonoDevelopProperties) = preSolution
		StartupItem = Assembly-CSharp.csproj
	EndGlobalSection
EndGlobal
